{
  "name": "tictactoe",
  "version": "1.0.0",
  "lockfileVersion": 2,
  "requires": true,
  "packages": {
    "": {
      "name": "tictactoe",
      "version": "1.0.0",
      "license": "ISC",
      "dependencies": {
        "server-http": "github:rex-suresh/server-http"
      }
    },
    "node_modules/server-http": {
      "version": "1.0.0",
      "resolved": "git+ssh://git@github.com/rex-suresh/server-http.git#0bf8bc9e4c881f5f61b0f2bd54b12cf7a0166eaa",
      "license": "ISC"
    }
  },
  "dependencies": {
    "server-http": {
      "version": "git+ssh://git@github.com/rex-suresh/server-http.git#0bf8bc9e4c881f5f61b0f2bd54b12cf7a0166eaa",
      "from": "server-http@https://github.com/rex-suresh/server-http.git"
    }
  }
}
